{
  "version": 4,
  "terraform_version": "1.4.2",
  "serial": 26,
  "lineage": "665e1b81-afae-6906-9660-1d3b92ae57e9",
  "outputs": {
    "Public_dns": {
      "value": "ec2-44-214-16-103.compute-1.amazonaws.com",
      "type": "string"
    },
    "instance-id": {
      "value": "i-09a88690bd3d90d6b",
      "type": "string"
    },
    "instance_type": {
      "value": "t3.small",
      "type": "string"
    },
    "private-ip": {
      "value": "172.31.10.56",
      "type": "string"
    },
    "public-ip": {
      "value": "44.214.16.103",
      "type": "string"
    }
  },
  "resources": [
    {
      "mode": "data",
      "type": "aws_security_group",
      "name": "sg1",
      "provider": "provider[\"registry.terraform.io/hashicorp/aws\"]",
      "instances": [
        {
          "schema_version": 0,
          "attributes": {
            "arn": "arn:aws:ec2:us-east-1:142061496235:security-group/sg-09cfd1f56db041282",
            "description": "allow 22, 80, 8080",
            "filter": null,
            "id": "sg-09cfd1f56db041282",
            "name": "webserver",
            "tags": {},
            "timeouts": null,
            "vpc_id": "vpc-07d7204c4b80a3109"
          },
          "sensitive_attributes": []
        }
      ]
    },
    {
      "mode": "managed",
      "type": "aws_instance",
      "name": "demo1",
      "provider": "provider[\"registry.terraform.io/hashicorp/aws\"]",
      "instances": [
        {
          "schema_version": 1,
          "attributes": {
            "ami": "ami-00c39f71452c08778",
            "arn": "arn:aws:ec2:us-east-1:142061496235:instance/i-09a88690bd3d90d6b",
            "associate_public_ip_address": true,
            "availability_zone": "us-east-1c",
            "capacity_reservation_specification": [
              {
                "capacity_reservation_preference": "open",
                "capacity_reservation_target": []
              }
            ],
            "cpu_core_count": 1,
            "cpu_threads_per_core": 2,
            "credit_specification": [
              {
                "cpu_credits": "unlimited"
              }
            ],
            "disable_api_stop": false,
            "disable_api_termination": false,
            "ebs_block_device": [],
            "ebs_optimized": false,
            "enclave_options": [
              {
                "enabled": false
              }
            ],
            "ephemeral_block_device": [],
            "get_password_data": false,
            "hibernation": false,
            "host_id": "",
            "host_resource_group_arn": null,
            "iam_instance_profile": "",
            "id": "i-09a88690bd3d90d6b",
            "instance_initiated_shutdown_behavior": "stop",
            "instance_state": "running",
            "instance_type": "t3.small",
            "ipv6_address_count": 0,
            "ipv6_addresses": [],
            "key_name": "dev-wdp",
            "launch_template": [],
            "maintenance_options": [
              {
                "auto_recovery": "default"
              }
            ],
            "metadata_options": [
              {
                "http_endpoint": "enabled",
                "http_put_response_hop_limit": 2,
                "http_tokens": "required",
                "instance_metadata_tags": "disabled"
              }
            ],
            "monitoring": false,
            "network_interface": [],
            "outpost_arn": "",
            "password_data": "",
            "placement_group": "",
            "placement_partition_number": 0,
            "primary_network_interface_id": "eni-05285317a85abc6f0",
            "private_dns": "ip-172-31-10-56.ec2.internal",
            "private_dns_name_options": [
              {
                "enable_resource_name_dns_a_record": false,
                "enable_resource_name_dns_aaaa_record": false,
                "hostname_type": "ip-name"
              }
            ],
            "private_ip": "172.31.10.56",
            "public_dns": "ec2-44-214-16-103.compute-1.amazonaws.com",
            "public_ip": "44.214.16.103",
            "root_block_device": [
              {
                "delete_on_termination": true,
                "device_name": "/dev/xvda",
                "encrypted": false,
                "iops": 3000,
                "kms_key_id": "",
                "tags": {},
                "throughput": 125,
                "volume_id": "vol-0c998e19b7f8978c1",
                "volume_size": 8,
                "volume_type": "gp3"
              }
            ],
            "secondary_private_ips": [],
            "security_groups": [
              "webserver"
            ],
            "source_dest_check": true,
            "subnet_id": "subnet-0a5a932eeed6674a6",
            "tags": {
              "Name": "Postgresql-server-prod",
              "env": "prod",
              "team": "prod-team"
            },
            "tags_all": {
              "Name": "Postgresql-server-prod",
              "env": "prod",
              "team": "prod-team"
            },
            "tenancy": "default",
            "timeouts": null,
            "user_data": "b0c267c4c7c5330bce3579dfafb82815eaf67d34",
            "user_data_base64": null,
            "user_data_replace_on_change": false,
            "volume_tags": null,
            "vpc_security_group_ids": [
              "sg-09cfd1f56db041282"
            ]
          },
          "sensitive_attributes": [],
          "private": "eyJlMmJmYjczMC1lY2FhLTExZTYtOGY4OC0zNDM2M2JjN2M0YzAiOnsiY3JlYXRlIjo2MDAwMDAwMDAwMDAsImRlbGV0ZSI6MTIwMDAwMDAwMDAwMCwidXBkYXRlIjo2MDAwMDAwMDAwMDB9LCJzY2hlbWFfdmVyc2lvbiI6IjEifQ==",
          "dependencies": [
            "data.aws_security_group.sg1"
          ]
        }
      ]
    }
  ],
  "check_results": null
}
